{
    "_meta": {
        "hash": {
            "sha256": "16824c8e1b5f7acf4b2bbd4cbf647f284f220659fb31fa193267b3b46b8f66d6"
        },
        "pipfile-spec": 6,
        "requires": {
            "python_version": "3.10"
        },
        "sources": [
            {
                "name": "pypi",
                "url": "https://pypi.org/simple",
                "verify_ssl": true
            }
        ]
    },
    "default": {
        "paho-mqtt": {
            "hashes": [
                "sha256:2a8291c81623aec00372b5a85558a372c747cbca8e9934dfe218638b8eefc26f"
            ],
            "index": "pypi",
            "version": "==1.6.1"
        },
        "pymodbus": {
            "hashes": [
                "sha256:2a95a311669f6734f94535332984474e4b4815de1500c74e6b94432a8bd9820a",
                "sha256:e2e810f7fc79c663b6cccda940a9ead37a8ba07f37f9207696d0eb36485107f4"
            ],
            "markers": "python_full_version >= '3.8.0'",
            "version": "==3.4.1"
        },
        "pyserial": {
            "hashes": [
                "sha256:3c77e014170dfffbd816e6ffc205e9842efb10be9f58ec16d3e8675b4925cddb",
                "sha256:c4451db6ba391ca6ca299fb3ec7bae67a5c55dde170964c7a14ceefec02f2cf0"
            ],
            "version": "==3.5"
        },
        "pyserial-asyncio": {
            "hashes": [
                "sha256:b6032923e05e9d75ec17a5af9a98429c46d2839adfaf80604d52e0faacd7a32f",
                "sha256:de9337922619421b62b9b1a84048634b3ac520e1d690a674ed246a2af7ce1fc5"
            ],
            "version": "==0.6"
        },
        "sdm-modbus": {
            "hashes": [
                "sha256:3c3a36100ab54df8998ec788cc69904914137ba443094e827b219ba7ab0ea4dd",
                "sha256:576493d7542ea14852821e19870e1088679bd644ba7bd5a9fd5cae7f9f3e25d8"
            ],
            "index": "pypi",
            "version": "==0.6.1"
        }
    },
    "develop": {}
}
